// !$*UTF8*$!
{
	archiveVersion = 1;
	classes = {
	};
	objectVersion = 77;
	objects = {

/* Begin PBXBuildFile section */
		7F2D5E122EB67EA200ABB89A /* StickerExtension MessagesExtension.appex in Embed Foundation Extensions */ = {isa = PBXBuildFile; fileRef = 7F2D5E112EB67EA200ABB89A /* StickerExtension MessagesExtension.appex */; settings = {ATTRIBUTES = (RemoveHeadersOnCopy, ); }; };
		7F2D5E172EB67EA200ABB89A /* Messages.framework in Frameworks */ = {isa = PBXBuildFile; fileRef = 7F2D5E162EB67EA200ABB89A /* Messages.framework */; };
/* End PBXBuildFile section */

/* Begin PBXContainerItemProxy section */
		7F2D5DEA2EB679FB00ABB89A /* PBXContainerItemProxy */ = {
			isa = PBXContainerItemProxy;
			containerPortal = 7F2D5DD22EB679FA00ABB89A /* Project object */;
			proxyType = 1;
			remoteGlobalIDString = 7F2D5DD92EB679FA00ABB89A;
			remoteInfo = UltimateStickerStudio;
		};
		7F2D5DF42EB679FB00ABB89A /* PBXContainerItemProxy */ = {
			isa = PBXContainerItemProxy;
			containerPortal = 7F2D5DD22EB679FA00ABB89A /* Project object */;
			proxyType = 1;
			remoteGlobalIDString = 7F2D5DD92EB679FA00ABB89A;
			remoteInfo = UltimateStickerStudio;
		};
		7F2D5E132EB67EA200ABB89A /* PBXContainerItemProxy */ = {
			isa = PBXContainerItemProxy;
			containerPortal = 7F2D5DD22EB679FA00ABB89A /* Project object */;
			proxyType = 1;
			remoteGlobalIDString = 7F2D5E102EB67EA200ABB89A;
			remoteInfo = "StickerExtension MessagesExtension";
		};
/* End PBXContainerItemProxy section */

/* Begin PBXCopyFilesBuildPhase section */
		7F2D5E252EB67EA300ABB89A /* Embed Foundation Extensions */ = {
			isa = PBXCopyFilesBuildPhase;
			buildActionMask = 2147483647;
			dstPath = "";
			dstSubfolderSpec = 13;
			files = (
				7F2D5E122EB67EA200ABB89A /* StickerExtension MessagesExtension.appex in Embed Foundation Extensions */,
			);
			name = "Embed Foundation Extensions";
			runOnlyForDeploymentPostprocessing = 0;
		};
/* End PBXCopyFilesBuildPhase section */

/* Begin PBXFileReference section */
		7F2D5DDA2EB679FA00ABB89A /* UltimateStickerStudio.app */ = {isa = PBXFileReference; explicitFileType = wrapper.application; includeInIndex = 0; path = UltimateStickerStudio.app; sourceTree = BUILT_PRODUCTS_DIR; };
		7F2D5DE92EB679FB00ABB89A /* UltimateStickerStudioTests.xctest */ = {isa = PBXFileReference; explicitFileType = wrapper.cfbundle; includeInIndex = 0; path = UltimateStickerStudioTests.xctest; sourceTree = BUILT_PRODUCTS_DIR; };
		7F2D5DF32EB679FB00ABB89A /* UltimateStickerStudioUITests.xctest */ = {isa = PBXFileReference; explicitFileType = wrapper.cfbundle; includeInIndex = 0; path = UltimateStickerStudioUITests.xctest; sourceTree = BUILT_PRODUCTS_DIR; };
		7F2D5E092EB67EA100ABB89A /* StickerExtension.app */ = {isa = PBXFileReference; explicitFileType = wrapper.application; includeInIndex = 0; path = StickerExtension.app; sourceTree = BUILT_PRODUCTS_DIR; };
		7F2D5E112EB67EA200ABB89A /* StickerExtension MessagesExtension.appex */ = {isa = PBXFileReference; explicitFileType = "wrapper.app-extension"; includeInIndex = 0; path = "StickerExtension MessagesExtension.appex"; sourceTree = BUILT_PRODUCTS_DIR; };
		7F2D5E162EB67EA200ABB89A /* Messages.framework */ = {isa = PBXFileReference; lastKnownFileType = wrapper.framework; name = Messages.framework; path = Library/Frameworks/Messages.framework; sourceTree = DEVELOPER_DIR; };
/* End PBXFileReference section */

/* Begin PBXFileSystemSynchronizedBuildFileExceptionSet section */
		7F2D5E212EB67EA300ABB89A /* Exceptions for "StickerExtension MessagesExtension" folder in "StickerExtension MessagesExtension" target */ = {
			isa = PBXFileSystemSynchronizedBuildFileExceptionSet;
			membershipExceptions = (
				Info.plist,
			);
			target = 7F2D5E102EB67EA200ABB89A /* StickerExtension MessagesExtension */;
		};
/* End PBXFileSystemSynchronizedBuildFileExceptionSet section */

/* Begin PBXFileSystemSynchronizedRootGroup section */
		7F2D5DDC2EB679FA00ABB89A /* UltimateStickerStudio */ = {
			isa = PBXFileSystemSynchronizedRootGroup;
			path = UltimateStickerStudio;
			sourceTree = "<group>";
		};
		7F2D5DEC2EB679FB00ABB89A /* UltimateStickerStudioTests */ = {
			isa = PBXFileSystemSynchronizedRootGroup;
			path = UltimateStickerStudioTests;
			sourceTree = "<group>";
		};
		7F2D5DF62EB679FB00ABB89A /* UltimateStickerStudioUITests */ = {
			isa = PBXFileSystemSynchronizedRootGroup;
			path = UltimateStickerStudioUITests;
			sourceTree = "<group>";
		};
		7F2D5E0A2EB67EA100ABB89A /* StickerExtension */ = {
			isa = PBXFileSystemSynchronizedRootGroup;
			path = StickerExtension;
			sourceTree = "<group>";
		};
		7F2D5E182EB67EA200ABB89A /* StickerExtension MessagesExtension */ = {
			isa = PBXFileSystemSynchronizedRootGroup;
			exceptions = (
				7F2D5E212EB67EA300ABB89A /* Exceptions for "StickerExtension MessagesExtension" folder in "StickerExtension MessagesExtension" target */,
			);
			path = "StickerExtension MessagesExtension";
			sourceTree = "<group>";
		};
/* End PBXFileSystemSynchronizedRootGroup section */

/* Begin PBXFrameworksBuildPhase section */
		7F2D5DD72EB679FA00ABB89A /* Frameworks */ = {
			isa = PBXFrameworksBuildPhase;
			buildActionMask = 2147483647;
			files = (
			);
			runOnlyForDeploymentPostprocessing = 0;
		};
		7F2D5DE62EB679FB00ABB89A /* Frameworks */ = {
			isa = PBXFrameworksBuildPhase;
			buildActionMask = 2147483647;
			files = (
			);
			runOnlyForDeploymentPostprocessing = 0;
		};
		7F2D5DF02EB679FB00ABB89A /* Frameworks */ = {
			isa = PBXFrameworksBuildPhase;
			buildActionMask = 2147483647;
			files = (
			);
			runOnlyForDeploymentPostprocessing = 0;
		};
		7F2D5E0E2EB67EA200ABB89A /* Frameworks */ = {
			isa = PBXFrameworksBuildPhase;
			buildActionMask = 2147483647;
			files = (
				7F2D5E172EB67EA200ABB89A /* Messages.framework in Frameworks */,
			);
			runOnlyForDeploymentPostprocessing = 0;
		};
/* End PBXFrameworksBuildPhase section */

/* Begin PBXGroup section */
		7F2D5DD12EB679FA00ABB89A = {
			isa = PBXGroup;
			children = (
				7F2D5DDC2EB679FA00ABB89A /* UltimateStickerStudio */,
				7F2D5DEC2EB679FB00ABB89A /* UltimateStickerStudioTests */,
				7F2D5DF62EB679FB00ABB89A /* UltimateStickerStudioUITests */,
				7F2D5E0A2EB67EA100ABB89A /* StickerExtension */,
				7F2D5E182EB67EA200ABB89A /* StickerExtension MessagesExtension */,
				7F2D5E152EB67EA200ABB89A /* Frameworks */,
				7F2D5DDB2EB679FA00ABB89A /* Products */,
			);
			sourceTree = "<group>";
		};
		7F2D5DDB2EB679FA00ABB89A /* Products */ = {
			isa = PBXGroup;
			children = (
				7F2D5DDA2EB679FA00ABB89A /* UltimateStickerStudio.app */,
				7F2D5DE92EB679FB00ABB89A /* UltimateStickerStudioTests.xctest */,
				7F2D5DF32EB679FB00ABB89A /* UltimateStickerStudioUITests.xctest */,
				7F2D5E092EB67EA100ABB89A /* StickerExtension.app */,
				7F2D5E112EB67EA200ABB89A /* StickerExtension MessagesExtension.appex */,
			);
			name = Products;
			sourceTree = "<group>";
		};
		7F2D5E152EB67EA200ABB89A /* Frameworks */ = {
			isa = PBXGroup;
			children = (
				7F2D5E162EB67EA200ABB89A /* Messages.framework */,
			);
			name = Frameworks;
			sourceTree = "<group>";
		};
/* End PBXGroup section */

/* Begin PBXNativeTarget section */
		7F2D5DD92EB679FA00ABB89A /* UltimateStickerStudio */ = {
			isa = PBXNativeTarget;
			buildConfigurationList = 7F2D5DFD2EB679FB00ABB89A /* Build configuration list for PBXNativeTarget "UltimateStickerStudio" */;
			buildPhases = (
				7F2D5DD62EB679FA00ABB89A /* Sources */,
				7F2D5DD72EB679FA00ABB89A /* Frameworks */,
				7F2D5DD82EB679FA00ABB89A /* Resources */,
			);
			buildRules = (
			);
			dependencies = (
			);
			fileSystemSynchronizedGroups = (
				7F2D5DDC2EB679FA00ABB89A /* UltimateStickerStudio */,
			);
			name = UltimateStickerStudio;
			packageProductDependencies = (
			);
			productName = UltimateStickerStudio;
			productReference = 7F2D5DDA2EB679FA00ABB89A /* UltimateStickerStudio.app */;
			productType = "com.apple.product-type.application";
		};
		7F2D5DE82EB679FB00ABB89A /* UltimateStickerStudioTests */ = {
			isa = PBXNativeTarget;
			buildConfigurationList = 7F2D5E002EB679FB00ABB89A /* Build configuration list for PBXNativeTarget "UltimateStickerStudioTests" */;
			buildPhases = (
				7F2D5DE52EB679FB00ABB89A /* Sources */,
				7F2D5DE62EB679FB00ABB89A /* Frameworks */,
				7F2D5DE72EB679FB00ABB89A /* Resources */,
			);
			buildRules = (
			);
			dependencies = (
				7F2D5DEB2EB679FB00ABB89A /* PBXTargetDependency */,
			);
			fileSystemSynchronizedGroups = (
				7F2D5DEC2EB679FB00ABB89A /* UltimateStickerStudioTests */,
			);
			name = UltimateStickerStudioTests;
			packageProductDependencies = (
			);
			productName = UltimateStickerStudioTests;
			productReference = 7F2D5DE92EB679FB00ABB89A /* UltimateStickerStudioTests.xctest */;
			productType = "com.apple.product-type.bundle.unit-test";
		};
		7F2D5DF22EB679FB00ABB89A /* UltimateStickerStudioUITests */ = {
			isa = PBXNativeTarget;
			buildConfigurationList = 7F2D5E032EB679FB00ABB89A /* Build configuration list for PBXNativeTarget "UltimateStickerStudioUITests" */;
			buildPhases = (
				7F2D5DEF2EB679FB00ABB89A /* Sources */,
				7F2D5DF02EB679FB00ABB89A /* Frameworks */,
				7F2D5DF12EB679FB00ABB89A /* Resources */,
			);
			buildRules = (
			);
			dependencies = (
				7F2D5DF52EB679FB00ABB89A /* PBXTargetDependency */,
			);
			fileSystemSynchronizedGroups = (
				7F2D5DF62EB679FB00ABB89A /* UltimateStickerStudioUITests */,
			);
			name = UltimateStickerStudioUITests;
			packageProductDependencies = (
			);
			productName = UltimateStickerStudioUITests;
			productReference = 7F2D5DF32EB679FB00ABB89A /* UltimateStickerStudioUITests.xctest */;
			productType = "com.apple.product-type.bundle.ui-testing";
		};
		7F2D5E082EB67EA100ABB89A /* StickerExtension */ = {
			isa = PBXNativeTarget;
			buildConfigurationList = 7F2D5E262EB67EA300ABB89A /* Build configuration list for PBXNativeTarget "StickerExtension" */;
			buildPhases = (
				7F2D5E072EB67EA100ABB89A /* Resources */,
				7F2D5E252EB67EA300ABB89A /* Embed Foundation Extensions */,
			);
			buildRules = (
			);
			dependencies = (
				7F2D5E142EB67EA200ABB89A /* PBXTargetDependency */,
			);
			fileSystemSynchronizedGroups = (
				7F2D5E0A2EB67EA100ABB89A /* StickerExtension */,
			);
			name = StickerExtension;
			packageProductDependencies = (
			);
			productName = StickerExtension;
			productReference = 7F2D5E092EB67EA100ABB89A /* StickerExtension.app */;
			productType = "com.apple.product-type.application.messages";
		};
		7F2D5E102EB67EA200ABB89A /* StickerExtension MessagesExtension */ = {
			isa = PBXNativeTarget;
			buildConfigurationList = 7F2D5E222EB67EA300ABB89A /* Build configuration list for PBXNativeTarget "StickerExtension MessagesExtension" */;
			buildPhases = (
				7F2D5E0D2EB67EA200ABB89A /* Sources */,
				7F2D5E0E2EB67EA200ABB89A /* Frameworks */,
				7F2D5E0F2EB67EA200ABB89A /* Resources */,
			);
			buildRules = (
			);
			dependencies = (
			);
			fileSystemSynchronizedGroups = (
				7F2D5E182EB67EA200ABB89A /* StickerExtension MessagesExtension */,
			);
			name = "StickerExtension MessagesExtension";
			packageProductDependencies = (
			);
			productName = "StickerExtension MessagesExtension";
			productReference = 7F2D5E112EB67EA200ABB89A /* StickerExtension MessagesExtension.appex */;
			productType = "com.apple.product-type.app-extension.messages";
		};
/* End PBXNativeTarget section */

/* Begin PBXProject section */
		7F2D5DD22EB679FA00ABB89A /* Project object */ = {
			isa = PBXProject;
			attributes = {
				BuildIndependentTargetsInParallel = 1;
				LastSwiftUpdateCheck = 2600;
				LastUpgradeCheck = 2600;
				TargetAttributes = {
					7F2D5DD92EB679FA00ABB89A = {
						CreatedOnToolsVersion = 26.0.1;
					};
					7F2D5DE82EB679FB00ABB89A = {
						CreatedOnToolsVersion = 26.0.1;
						TestTargetID = 7F2D5DD92EB679FA00ABB89A;
					};
					7F2D5DF22EB679FB00ABB89A = {
						CreatedOnToolsVersion = 26.0.1;
						TestTargetID = 7F2D5DD92EB679FA00ABB89A;
					};
					7F2D5E082EB67EA100ABB89A = {
						CreatedOnToolsVersion = 26.0.1;
					};
					7F2D5E102EB67EA200ABB89A = {
						CreatedOnToolsVersion = 26.0.1;
					};
				};
			};
			buildConfigurationList = 7F2D5DD52EB679FA00ABB89A /* Build configuration list for PBXProject "UltimateStickerStudio" */;
			developmentRegion = en;
			hasScannedForEncodings = 0;
			knownRegions = (
				en,
				Base,
			);
			mainGroup = 7F2D5DD12EB679FA00ABB89A;
			minimizedProjectReferenceProxies = 1;
			preferredProjectObjectVersion = 77;
			productRefGroup = 7F2D5DDB2EB679FA00ABB89A /* Products */;
			projectDirPath = "";
			projectRoot = "";
			targets = (
				7F2D5DD92EB679FA00ABB89A /* UltimateStickerStudio */,
				7F2D5DE82EB679FB00ABB89A /* UltimateStickerStudioTests */,
				7F2D5DF22EB679FB00ABB89A /* UltimateStickerStudioUITests */,
				7F2D5E082EB67EA100ABB89A /* StickerExtension */,
				7F2D5E102EB67EA200ABB89A /* StickerExtension MessagesExtension */,
			);
		};
/* End PBXProject section */

/* Begin PBXResourcesBuildPhase section */
		7F2D5DD82EB679FA00ABB89A /* Resources */ = {
			isa = PBXResourcesBuildPhase;
			buildActionMask = 2147483647;
			files = (
			);
			runOnlyForDeploymentPostprocessing = 0;
		};
		7F2D5DE72EB679FB00ABB89A /* Resources */ = {
			isa = PBXResourcesBuildPhase;
			buildActionMask = 2147483647;
			files = (
			);
			runOnlyForDeploymentPostprocessing = 0;
		};
		7F2D5DF12EB679FB00ABB89A /* Resources */ = {
			isa = PBXResourcesBuildPhase;
			buildActionMask = 2147483647;
			files = (
			);
			runOnlyForDeploymentPostprocessing = 0;
		};
		7F2D5E072EB67EA100ABB89A /* Resources */ = {
			isa = PBXResourcesBuildPhase;
			buildActionMask = 2147483647;
			files = (
			);
			runOnlyForDeploymentPostprocessing = 0;
		};
		7F2D5E0F2EB67EA200ABB89A /* Resources */ = {
			isa = PBXResourcesBuildPhase;
			buildActionMask = 2147483647;
			files = (
			);
			runOnlyForDeploymentPostprocessing = 0;
		};
/* End PBXResourcesBuildPhase section */

/* Begin PBXSourcesBuildPhase section */
		7F2D5DD62EB679FA00ABB89A /* Sources */ = {
			isa = PBXSourcesBuildPhase;
			buildActionMask = 2147483647;
			files = (
			);
			runOnlyForDeploymentPostprocessing = 0;
		};
		7F2D5DE52EB679FB00ABB89A /* Sources */ = {
			isa = PBXSourcesBuildPhase;
			buildActionMask = 2147483647;
			files = (
			);
			runOnlyForDeploymentPostprocessing = 0;
		};
		7F2D5DEF2EB679FB00ABB89A /* Sources */ = {
			isa = PBXSourcesBuildPhase;
			buildActionMask = 2147483647;
			files = (
			);
			runOnlyForDeploymentPostprocessing = 0;
		};
		7F2D5E0D2EB67EA200ABB89A /* Sources */ = {
			isa = PBXSourcesBuildPhase;
			buildActionMask = 2147483647;
			files = (
			);
			runOnlyForDeploymentPostprocessing = 0;
		};
/* End PBXSourcesBuildPhase section */

/* Begin PBXTargetDependency section */
		7F2D5DEB2EB679FB00ABB89A /* PBXTargetDependency */ = {
			isa = PBXTargetDependency;
			target = 7F2D5DD92EB679FA00ABB89A /* UltimateStickerStudio */;
			targetProxy = 7F2D5DEA2EB679FB00ABB89A /* PBXContainerItemProxy */;
		};
		7F2D5DF52EB679FB00ABB89A /* PBXTargetDependency */ = {
			isa = PBXTargetDependency;
			target = 7F2D5DD92EB679FA00ABB89A /* UltimateStickerStudio */;
			targetProxy = 7F2D5DF42EB679FB00ABB89A /* PBXContainerItemProxy */;
		};
		7F2D5E142EB67EA200ABB89A /* PBXTargetDependency */ = {
			isa = PBXTargetDependency;
			target = 7F2D5E102EB67EA200ABB89A /* StickerExtension MessagesExtension */;
			targetProxy = 7F2D5E132EB67EA200ABB89A /* PBXContainerItemProxy */;
		};
/* End PBXTargetDependency section */

/* Begin XCBuildConfiguration section */
		7F2D5DFB2EB679FB00ABB89A /* Debug */ = {
			isa = XCBuildConfiguration;
			buildSettings = {
				ALWAYS_SEARCH_USER_PATHS = NO;
				ASSETCATALOG_COMPILER_GENERATE_SWIFT_ASSET_SYMBOL_EXTENSIONS = YES;
				CLANG_ANALYZER_NONNULL = YES;
				CLANG_ANALYZER_NUMBER_OBJECT_CONVERSION = YES_AGGRESSIVE;
				CLANG_CXX_LANGUAGE_STANDARD = "gnu++20";
				CLANG_ENABLE_MODULES = YES;
				CLANG_ENABLE_OBJC_ARC = YES;
				CLANG_ENABLE_OBJC_WEAK = YES;
				CLANG_WARN_BLOCK_CAPTURE_AUTORELEASING = YES;
				CLANG_WARN_BOOL_CONVERSION = YES;
				CLANG_WARN_COMMA = YES;
				CLANG_WARN_CONSTANT_CONVERSION = YES;
				CLANG_WARN_DEPRECATED_OBJC_IMPLEMENTATIONS = YES;
				CLANG_WARN_DIRECT_OBJC_ISA_USAGE = YES_ERROR;
				CLANG_WARN_DOCUMENTATION_COMMENTS = YES;
				CLANG_WARN_EMPTY_BODY = YES;
				CLANG_WARN_ENUM_CONVERSION = YES;
				CLANG_WARN_INFINITE_RECURSION = YES;
				CLANG_WARN_INT_CONVERSION = YES;
				CLANG_WARN_NON_LITERAL_NULL_CONVERSION = YES;
				CLANG_WARN_OBJC_IMPLICIT_RETAIN_SELF = YES;
				CLANG_WARN_OBJC_LITERAL_CONVERSION = YES;
				CLANG_WARN_OBJC_ROOT_CLASS = YES_ERROR;
				CLANG_WARN_QUOTED_INCLUDE_IN_FRAMEWORK_HEADER = YES;
				CLANG_WARN_RANGE_LOOP_ANALYSIS = YES;
				CLANG_WARN_STRICT_PROTOTYPES = YES;
				CLANG_WARN_SUSPICIOUS_MOVE = YES;
				CLANG_WARN_UNGUARDED_AVAILABILITY = YES_AGGRESSIVE;
				CLANG_WARN_UNREACHABLE_CODE = YES;
				CLANG_WARN__DUPLICATE_METHOD_MATCH = YES;
				COPY_PHASE_STRIP = NO;
				DEBUG_INFORMATION_FORMAT = dwarf;
				ENABLE_STRICT_OBJC_MSGSEND = YES;
				ENABLE_TESTABILITY = YES;
				ENABLE_USER_SCRIPT_SANDBOXING = YES;
				GCC_C_LANGUAGE_STANDARD = gnu17;
				GCC_DYNAMIC_NO_PIC = NO;
				GCC_NO_COMMON_BLOCKS = YES;
				GCC_OPTIMIZATION_LEVEL = 0;
				GCC_PREPROCESSOR_DEFINITIONS = (
					"DEBUG=1",
					"$(inherited)",
				);
				GCC_WARN_64_TO_32_BIT_CONVERSION = YES;
				GCC_WARN_ABOUT_RETURN_TYPE = YES_ERROR;
				GCC_WARN_UNDECLARED_SELECTOR = YES;
				GCC_WARN_UNINITIALIZED_AUTOS = YES_AGGRESSIVE;
				GCC_WARN_UNUSED_FUNCTION = YES;
				GCC_WARN_UNUSED_VARIABLE = YES;
				LOCALIZATION_PREFERS_STRING_CATALOGS = YES;
				MTL_ENABLE_DEBUG_INFO = INCLUDE_SOURCE;
				MTL_FAST_MATH = YES;
				ONLY_ACTIVE_ARCH = YES;
				SWIFT_ACTIVE_COMPILATION_CONDITIONS = "DEBUG $(inherited)";
				SWIFT_OPTIMIZATION_LEVEL = "-Onone";
			};
			name = Debug;
		};
		7F2D5DFC2EB679FB00ABB89A /* Release */ = {
			isa = XCBuildConfiguration;
			buildSettings = {
				ALWAYS_SEARCH_USER_PATHS = NO;
				ASSETCATALOG_COMPILER_GENERATE_SWIFT_ASSET_SYMBOL_EXTENSIONS = YES;
				CLANG_ANALYZER_NONNULL = YES;
				CLANG_ANALYZER_NUMBER_OBJECT_CONVERSION = YES_AGGRESSIVE;
				CLANG_CXX_LANGUAGE_STANDARD = "gnu++20";
				CLANG_ENABLE_MODULES = YES;
				CLANG_ENABLE_OBJC_ARC = YES;
				CLANG_ENABLE_OBJC_WEAK = YES;
				CLANG_WARN_BLOCK_CAPTURE_AUTORELEASING = YES;
				CLANG_WARN_BOOL_CONVERSION = YES;
				CLANG_WARN_COMMA = YES;
				CLANG_WARN_CONSTANT_CONVERSION = YES;
				CLANG_WARN_DEPRECATED_OBJC_IMPLEMENTATIONS = YES;
				CLANG_WARN_DIRECT_OBJC_ISA_USAGE = YES_ERROR;
				CLANG_WARN_DOCUMENTATION_COMMENTS = YES;
				CLANG_WARN_EMPTY_BODY = YES;
				CLANG_WARN_ENUM_CONVERSION = YES;
				CLANG_WARN_INFINITE_RECURSION = YES;
				CLANG_WARN_INT_CONVERSION = YES;
				CLANG_WARN_NON_LITERAL_NULL_CONVERSION = YES;
				CLANG_WARN_OBJC_IMPLICIT_RETAIN_SELF = YES;
				CLANG_WARN_OBJC_LITERAL_CONVERSION = YES;
				CLANG_WARN_OBJC_ROOT_CLASS = YES_ERROR;
				CLANG_WARN_QUOTED_INCLUDE_IN_FRAMEWORK_HEADER = YES;
				CLANG_WARN_RANGE_LOOP_ANALYSIS = YES;
				CLANG_WARN_STRICT_PROTOTYPES = YES;
				CLANG_WARN_SUSPICIOUS_MOVE = YES;
				CLANG_WARN_UNGUARDED_AVAILABILITY = YES_AGGRESSIVE;
				CLANG_WARN_UNREACHABLE_CODE = YES;
				CLANG_WARN__DUPLICATE_METHOD_MATCH = YES;
				COPY_PHASE_STRIP = NO;
				DEBUG_INFORMATION_FORMAT = "dwarf-with-dsym";
				ENABLE_NS_ASSERTIONS = NO;
				ENABLE_STRICT_OBJC_MSGSEND = YES;
				ENABLE_USER_SCRIPT_SANDBOXING = YES;
				GCC_C_LANGUAGE_STANDARD = gnu17;
				GCC_NO_COMMON_BLOCKS = YES;
				GCC_WARN_64_TO_32_BIT_CONVERSION = YES;
				GCC_WARN_ABOUT_RETURN_TYPE = YES_ERROR;
				GCC_WARN_UNDECLARED_SELECTOR = YES;
				GCC_WARN_UNINITIALIZED_AUTOS = YES_AGGRESSIVE;
				GCC_WARN_UNUSED_FUNCTION = YES;
				GCC_WARN_UNUSED_VARIABLE = YES;
				LOCALIZATION_PREFERS_STRING_CATALOGS = YES;
				MTL_ENABLE_DEBUG_INFO = NO;
				MTL_FAST_MATH = YES;
				SWIFT_COMPILATION_MODE = wholemodule;
			};
			name = Release;
		};
		7F2D5DFE2EB679FB00ABB89A /* Debug */ = {
			isa = XCBuildConfiguration;
			buildSettings = {
				ASSETCATALOG_COMPILER_APPICON_NAME = AppIcon;
				ASSETCATALOG_COMPILER_GLOBAL_ACCENT_COLOR_NAME = AccentColor;
				CODE_SIGN_ENTITLEMENTS = UltimateStickerStudio/UltimateStickerStudio.entitlements;
				CODE_SIGN_STYLE = Automatic;
				CURRENT_PROJECT_VERSION = 1;
				DEVELOPMENT_TEAM = 4NKR7H37Y7;
				ENABLE_APP_SANDBOX = YES;
				ENABLE_PREVIEWS = YES;
				ENABLE_USER_SELECTED_FILES = readonly;
				GENERATE_INFOPLIST_FILE = YES;
				"INFOPLIST_KEY_UIApplicationSceneManifest_Generation[sdk=iphoneos*]" = YES;
				"INFOPLIST_KEY_UIApplicationSceneManifest_Generation[sdk=iphonesimulator*]" = YES;
				"INFOPLIST_KEY_UIApplicationSupportsIndirectInputEvents[sdk=iphoneos*]" = YES;
				"INFOPLIST_KEY_UIApplicationSupportsIndirectInputEvents[sdk=iphonesimulator*]" = YES;
				"INFOPLIST_KEY_UILaunchScreen_Generation[sdk=iphoneos*]" = YES;
				"INFOPLIST_KEY_UILaunchScreen_Generation[sdk=iphonesimulator*]" = YES;
				"INFOPLIST_KEY_UIStatusBarStyle[sdk=iphoneos*]" = UIStatusBarStyleDefault;
				"INFOPLIST_KEY_UIStatusBarStyle[sdk=iphonesimulator*]" = UIStatusBarStyleDefault;
				INFOPLIST_KEY_UISupportedInterfaceOrientations_iPad = "UIInterfaceOrientationPortrait UIInterfaceOrientationPortraitUpsideDown UIInterfaceOrientationLandscapeLeft UIInterfaceOrientationLandscapeRight";
				INFOPLIST_KEY_UISupportedInterfaceOrientations_iPhone = "UIInterfaceOrientationPortrait UIInterfaceOrientationLandscapeLeft UIInterfaceOrientationLandscapeRight";
				IPHONEOS_DEPLOYMENT_TARGET = 26.0;
				LD_RUNPATH_SEARCH_PATHS = "@executable_path/Frameworks";
				"LD_RUNPATH_SEARCH_PATHS[sdk=macosx*]" = "@executable_path/../Frameworks";
				MACOSX_DEPLOYMENT_TARGET = 15.6;
				MARKETING_VERSION = 1.0;
				PRODUCT_BUNDLE_IDENTIFIER = "Anas-Almasri.UltimateStickerStudio";
				PRODUCT_NAME = "$(TARGET_NAME)";
				REGISTER_APP_GROUPS = YES;
				SDKROOT = auto;
				STRING_CATALOG_GENERATE_SYMBOLS = YES;
				SUPPORTED_PLATFORMS = "iphoneos iphonesimulator macosx xros xrsimulator";
				SWIFT_APPROACHABLE_CONCURRENCY = YES;
				SWIFT_DEFAULT_ACTOR_ISOLATION = MainActor;
				SWIFT_EMIT_LOC_STRINGS = YES;
				SWIFT_UPCOMING_FEATURE_MEMBER_IMPORT_VISIBILITY = YES;
				SWIFT_VERSION = 5.0;
				TARGETED_DEVICE_FAMILY = "1,2,7";
				XROS_DEPLOYMENT_TARGET = 26.0;
			};
			name = Debug;
		};
		7F2D5DFF2EB679FB00ABB89A /* Release */ = {
			isa = XCBuildConfiguration;
			buildSettings = {
				ASSETCATALOG_COMPILER_APPICON_NAME = AppIcon;
				ASSETCATALOG_COMPILER_GLOBAL_ACCENT_COLOR_NAME = AccentColor;
				CODE_SIGN_ENTITLEMENTS = UltimateStickerStudio/UltimateStickerStudio.entitlements;
				CODE_SIGN_STYLE = Automatic;
				CURRENT_PROJECT_VERSION = 1;
				DEVELOPMENT_TEAM = 4NKR7H37Y7;
				ENABLE_APP_SANDBOX = YES;
				ENABLE_PREVIEWS = YES;
				ENABLE_USER_SELECTED_FILES = readonly;
				GENERATE_INFOPLIST_FILE = YES;
				"INFOPLIST_KEY_UIApplicationSceneManifest_Generation[sdk=iphoneos*]" = YES;
				"INFOPLIST_KEY_UIApplicationSceneManifest_Generation[sdk=iphonesimulator*]" = YES;
				"INFOPLIST_KEY_UIApplicationSupportsIndirectInputEvents[sdk=iphoneos*]" = YES;
				"INFOPLIST_KEY_UIApplicationSupportsIndirectInputEvents[sdk=iphonesimulator*]" = YES;
				"INFOPLIST_KEY_UILaunchScreen_Generation[sdk=iphoneos*]" = YES;
				"INFOPLIST_KEY_UILaunchScreen_Generation[sdk=iphonesimulator*]" = YES;
				"INFOPLIST_KEY_UIStatusBarStyle[sdk=iphoneos*]" = UIStatusBarStyleDefault;
				"INFOPLIST_KEY_UIStatusBarStyle[sdk=iphonesimulator*]" = UIStatusBarStyleDefault;
				INFOPLIST_KEY_UISupportedInterfaceOrientations_iPad = "UIInterfaceOrientationPortrait UIInterfaceOrientationPortraitUpsideDown UIInterfaceOrientationLandscapeLeft UIInterfaceOrientationLandscapeRight";
				INFOPLIST_KEY_UISupportedInterfaceOrientations_iPhone = "UIInterfaceOrientationPortrait UIInterfaceOrientationLandscapeLeft UIInterfaceOrientationLandscapeRight";
				IPHONEOS_DEPLOYMENT_TARGET = 26.0;
				LD_RUNPATH_SEARCH_PATHS = "@executable_path/Frameworks";
				"LD_RUNPATH_SEARCH_PATHS[sdk=macosx*]" = "@executable_path/../Frameworks";
				MACOSX_DEPLOYMENT_TARGET = 15.6;
				MARKETING_VERSION = 1.0;
				PRODUCT_BUNDLE_IDENTIFIER = "Anas-Almasri.UltimateStickerStudio";
				PRODUCT_NAME = "$(TARGET_NAME)";
				REGISTER_APP_GROUPS = YES;
				SDKROOT = auto;
				STRING_CATALOG_GENERATE_SYMBOLS = YES;
				SUPPORTED_PLATFORMS = "iphoneos iphonesimulator macosx xros xrsimulator";
				SWIFT_APPROACHABLE_CONCURRENCY = YES;
				SWIFT_DEFAULT_ACTOR_ISOLATION = MainActor;
				SWIFT_EMIT_LOC_STRINGS = YES;
				SWIFT_UPCOMING_FEATURE_MEMBER_IMPORT_VISIBILITY = YES;
				SWIFT_VERSION = 5.0;
				TARGETED_DEVICE_FAMILY = "1,2,7";
				XROS_DEPLOYMENT_TARGET = 26.0;
			};
			name = Release;
		};
		7F2D5E012EB679FB00ABB89A /* Debug */ = {
			isa = XCBuildConfiguration;
			buildSettings = {
				BUNDLE_LOADER = "$(TEST_HOST)";
				CODE_SIGN_STYLE = Automatic;
				CURRENT_PROJECT_VERSION = 1;
				GENERATE_INFOPLIST_FILE = YES;
				IPHONEOS_DEPLOYMENT_TARGET = 26.0;
				MACOSX_DEPLOYMENT_TARGET = 15.6;
				MARKETING_VERSION = 1.0;
				PRODUCT_BUNDLE_IDENTIFIER = "Anas-Almasri.UltimateStickerStudioTests";
				PRODUCT_NAME = "$(TARGET_NAME)";
				SDKROOT = auto;
				STRING_CATALOG_GENERATE_SYMBOLS = NO;
				SUPPORTED_PLATFORMS = "iphoneos iphonesimulator macosx xros xrsimulator";
				SWIFT_APPROACHABLE_CONCURRENCY = YES;
				SWIFT_EMIT_LOC_STRINGS = NO;
				SWIFT_UPCOMING_FEATURE_MEMBER_IMPORT_VISIBILITY = YES;
				SWIFT_VERSION = 5.0;
				TARGETED_DEVICE_FAMILY = "1,2,7";
				TEST_HOST = "$(BUILT_PRODUCTS_DIR)/UltimateStickerStudio.app/$(BUNDLE_EXECUTABLE_FOLDER_PATH)/UltimateStickerStudio";
				XROS_DEPLOYMENT_TARGET = 26.0;
			};
			name = Debug;
		};
		7F2D5E022EB679FB00ABB89A /* Release */ = {
			isa = XCBuildConfiguration;
			buildSettings = {
				BUNDLE_LOADER = "$(TEST_HOST)";
				CODE_SIGN_STYLE = Automatic;
				CURRENT_PROJECT_VERSION = 1;
				GENERATE_INFOPLIST_FILE = YES;
				IPHONEOS_DEPLOYMENT_TARGET = 26.0;
				MACOSX_DEPLOYMENT_TARGET = 15.6;
				MARKETING_VERSION = 1.0;
				PRODUCT_BUNDLE_IDENTIFIER = "Anas-Almasri.UltimateStickerStudioTests";
				PRODUCT_NAME = "$(TARGET_NAME)";
				SDKROOT = auto;
				STRING_CATALOG_GENERATE_SYMBOLS = NO;
				SUPPORTED_PLATFORMS = "iphoneos iphonesimulator macosx xros xrsimulator";
				SWIFT_APPROACHABLE_CONCURRENCY = YES;
				SWIFT_EMIT_LOC_STRINGS = NO;
				SWIFT_UPCOMING_FEATURE_MEMBER_IMPORT_VISIBILITY = YES;
				SWIFT_VERSION = 5.0;
				TARGETED_DEVICE_FAMILY = "1,2,7";
				TEST_HOST = "$(BUILT_PRODUCTS_DIR)/UltimateStickerStudio.app/$(BUNDLE_EXECUTABLE_FOLDER_PATH)/UltimateStickerStudio";
				XROS_DEPLOYMENT_TARGET = 26.0;
			};
			name = Release;
		};
		7F2D5E042EB679FB00ABB89A /* Debug */ = {
			isa = XCBuildConfiguration;
			buildSettings = {
				CODE_SIGN_STYLE = Automatic;
				CURRENT_PROJECT_VERSION = 1;
				GENERATE_INFOPLIST_FILE = YES;
				IPHONEOS_DEPLOYMENT_TARGET = 26.0;
				MACOSX_DEPLOYMENT_TARGET = 15.6;
				MARKETING_VERSION = 1.0;
				PRODUCT_BUNDLE_IDENTIFIER = "Anas-Almasri.UltimateStickerStudioUITests";
				PRODUCT_NAME = "$(TARGET_NAME)";
				SDKROOT = auto;
				STRING_CATALOG_GENERATE_SYMBOLS = NO;
				SUPPORTED_PLATFORMS = "iphoneos iphonesimulator macosx xros xrsimulator";
				SWIFT_APPROACHABLE_CONCURRENCY = YES;
				SWIFT_EMIT_LOC_STRINGS = NO;
				SWIFT_UPCOMING_FEATURE_MEMBER_IMPORT_VISIBILITY = YES;
				SWIFT_VERSION = 5.0;
				TARGETED_DEVICE_FAMILY = "1,2,7";
				TEST_TARGET_NAME = UltimateStickerStudio;
				XROS_DEPLOYMENT_TARGET = 26.0;
			};
			name = Debug;
		};
		7F2D5E052EB679FB00ABB89A /* Release */ = {
			isa = XCBuildConfiguration;
			buildSettings = {
				CODE_SIGN_STYLE = Automatic;
				CURRENT_PROJECT_VERSION = 1;
				GENERATE_INFOPLIST_FILE = YES;
				IPHONEOS_DEPLOYMENT_TARGET = 26.0;
				MACOSX_DEPLOYMENT_TARGET = 15.6;
				MARKETING_VERSION = 1.0;
				PRODUCT_BUNDLE_IDENTIFIER = "Anas-Almasri.UltimateStickerStudioUITests";
				PRODUCT_NAME = "$(TARGET_NAME)";
				SDKROOT = auto;
				STRING_CATALOG_GENERATE_SYMBOLS = NO;
				SUPPORTED_PLATFORMS = "iphoneos iphonesimulator macosx xros xrsimulator";
				SWIFT_APPROACHABLE_CONCURRENCY = YES;
				SWIFT_EMIT_LOC_STRINGS = NO;
				SWIFT_UPCOMING_FEATURE_MEMBER_IMPORT_VISIBILITY = YES;
				SWIFT_VERSION = 5.0;
				TARGETED_DEVICE_FAMILY = "1,2,7";
				TEST_TARGET_NAME = UltimateStickerStudio;
				XROS_DEPLOYMENT_TARGET = 26.0;
			};
			name = Release;
		};
		7F2D5E232EB67EA300ABB89A /* Debug */ = {
			isa = XCBuildConfiguration;
			buildSettings = {
				ASSETCATALOG_COMPILER_APPICON_NAME = "iMessage App Icon";
				CODE_SIGN_ENTITLEMENTS = "StickerExtension MessagesExtension/StickerExtension MessagesExtension.entitlements";
				CODE_SIGN_STYLE = Automatic;
				CURRENT_PROJECT_VERSION = 1;
				DEVELOPMENT_TEAM = 4NKR7H37Y7;
				GENERATE_INFOPLIST_FILE = YES;
				INFOPLIST_FILE = "StickerExtension MessagesExtension/Info.plist";
				INFOPLIST_KEY_CFBundleDisplayName = StickerExtension;
				INFOPLIST_KEY_NSHumanReadableCopyright = "";
				IPHONEOS_DEPLOYMENT_TARGET = 26.0;
				LD_RUNPATH_SEARCH_PATHS = (
					"$(inherited)",
					"@executable_path/Frameworks",
					"@executable_path/../../Frameworks",
				);
				MARKETING_VERSION = 1.0;
				PRODUCT_BUNDLE_IDENTIFIER = "Anas-Almasri.StickerExtension.MessagesExtension";
				PRODUCT_NAME = "$(TARGET_NAME)";
				SDKROOT = iphoneos;
				SKIP_INSTALL = YES;
				STRING_CATALOG_GENERATE_SYMBOLS = YES;
				SWIFT_APPROACHABLE_CONCURRENCY = YES;
				SWIFT_EMIT_LOC_STRINGS = YES;
				SWIFT_UPCOMING_FEATURE_MEMBER_IMPORT_VISIBILITY = YES;
				SWIFT_VERSION = 5.0;
				TARGETED_DEVICE_FAMILY = "1,2";
			};
			name = Debug;
		};
		7F2D5E242EB67EA300ABB89A /* Release */ = {
			isa = XCBuildConfiguration;
			buildSettings = {
				ASSETCATALOG_COMPILER_APPICON_NAME = "iMessage App Icon";
				CODE_SIGN_ENTITLEMENTS = "StickerExtension MessagesExtension/StickerExtension MessagesExtension.entitlements";
				CODE_SIGN_STYLE = Automatic;
				CURRENT_PROJECT_VERSION = 1;
				DEVELOPMENT_TEAM = 4NKR7H37Y7;
				GENERATE_INFOPLIST_FILE = YES;
				INFOPLIST_FILE = "StickerExtension MessagesExtension/Info.plist";
				INFOPLIST_KEY_CFBundleDisplayName = StickerExtension;
				INFOPLIST_KEY_NSHumanReadableCopyright = "";
				IPHONEOS_DEPLOYMENT_TARGET = 26.0;
				LD_RUNPATH_SEARCH_PATHS = (
					"$(inherited)",
					"@executable_path/Frameworks",
					"@executable_path/../../Frameworks",
				);
				MARKETING_VERSION = 1.0;
				PRODUCT_BUNDLE_IDENTIFIER = "Anas-Almasri.StickerExtension.MessagesExtension";
				PRODUCT_NAME = "$(TARGET_NAME)";
				SDKROOT = iphoneos;
				SKIP_INSTALL = YES;
				STRING_CATALOG_GENERATE_SYMBOLS = YES;
				SWIFT_APPROACHABLE_CONCURRENCY = YES;
				SWIFT_EMIT_LOC_STRINGS = YES;
				SWIFT_UPCOMING_FEATURE_MEMBER_IMPORT_VISIBILITY = YES;
				SWIFT_VERSION = 5.0;
				TARGETED_DEVICE_FAMILY = "1,2";
				VALIDATE_PRODUCT = YES;
			};
			name = Release;
		};
		7F2D5E272EB67EA300ABB89A /* Debug */ = {
			isa = XCBuildConfiguration;
			buildSettings = {
				ASSETCATALOG_COMPILER_APPICON_NAME = AppIcon;
				CODE_SIGN_STYLE = Automatic;
				CURRENT_PROJECT_VERSION = 1;
				DEVELOPMENT_TEAM = 4NKR7H37Y7;
				GENERATE_INFOPLIST_FILE = YES;
				INFOPLIST_KEY_UILaunchStoryboardName = LaunchScreen;
				INFOPLIST_KEY_UISupportedInterfaceOrientations_iPad = "UIInterfaceOrientationPortrait UIInterfaceOrientationPortraitUpsideDown UIInterfaceOrientationLandscapeLeft UIInterfaceOrientationLandscapeRight";
				INFOPLIST_KEY_UISupportedInterfaceOrientations_iPhone = "UIInterfaceOrientationPortrait UIInterfaceOrientationLandscapeLeft UIInterfaceOrientationLandscapeRight";
				IPHONEOS_DEPLOYMENT_TARGET = 26.0;
				MARKETING_VERSION = 1.0;
				PRODUCT_BUNDLE_IDENTIFIER = "Anas-Almasri.StickerExtension";
				PRODUCT_NAME = "$(TARGET_NAME)";
				SDKROOT = iphoneos;
				STRING_CATALOG_GENERATE_SYMBOLS = YES;
				SWIFT_APPROACHABLE_CONCURRENCY = YES;
				SWIFT_EMIT_LOC_STRINGS = YES;
				SWIFT_UPCOMING_FEATURE_MEMBER_IMPORT_VISIBILITY = YES;
				SWIFT_VERSION = 5.0;
				TARGETED_DEVICE_FAMILY = "1,2";
			};
			name = Debug;
		};
		7F2D5E282EB67EA300ABB89A /* Release */ = {
			isa = XCBuildConfiguration;
			buildSettings = {
				ASSETCATALOG_COMPILER_APPICON_NAME = AppIcon;
				CODE_SIGN_STYLE = Automatic;
				CURRENT_PROJECT_VERSION = 1;
				DEVELOPMENT_TEAM = 4NKR7H37Y7;
				GENERATE_INFOPLIST_FILE = YES;
				INFOPLIST_KEY_UILaunchStoryboardName = LaunchScreen;
				INFOPLIST_KEY_UISupportedInterfaceOrientations_iPad = "UIInterfaceOrientationPortrait UIInterfaceOrientationPortraitUpsideDown UIInterfaceOrientationLandscapeLeft UIInterfaceOrientationLandscapeRight";
				INFOPLIST_KEY_UISupportedInterfaceOrientations_iPhone = "UIInterfaceOrientationPortrait UIInterfaceOrientationLandscapeLeft UIInterfaceOrientationLandscapeRight";
				IPHONEOS_DEPLOYMENT_TARGET = 26.0;
				MARKETING_VERSION = 1.0;
				PRODUCT_BUNDLE_IDENTIFIER = "Anas-Almasri.StickerExtension";
				PRODUCT_NAME = "$(TARGET_NAME)";
				SDKROOT = iphoneos;
				STRING_CATALOG_GENERATE_SYMBOLS = YES;
				SWIFT_APPROACHABLE_CONCURRENCY = YES;
				SWIFT_EMIT_LOC_STRINGS = YES;
				SWIFT_UPCOMING_FEATURE_MEMBER_IMPORT_VISIBILITY = YES;
				SWIFT_VERSION = 5.0;
				TARGETED_DEVICE_FAMILY = "1,2";
				VALIDATE_PRODUCT = YES;
			};
			name = Release;
		};
/* End XCBuildConfiguration section */

/* Begin XCConfigurationList section */
		7F2D5DD52EB679FA00ABB89A /* Build configuration list for PBXProject "UltimateStickerStudio" */ = {
			isa = XCConfigurationList;
			buildConfigurations = (
				7F2D5DFB2EB679FB00ABB89A /* Debug */,
				7F2D5DFC2EB679FB00ABB89A /* Release */,
			);
			defaultConfigurationIsVisible = 0;
			defaultConfigurationName = Release;
		};
		7F2D5DFD2EB679FB00ABB89A /* Build configuration list for PBXNativeTarget "UltimateStickerStudio" */ = {
			isa = XCConfigurationList;
			buildConfigurations = (
				7F2D5DFE2EB679FB00ABB89A /* Debug */,
				7F2D5DFF2EB679FB00ABB89A /* Release */,
			);
			defaultConfigurationIsVisible = 0;
			defaultConfigurationName = Release;
		};
		7F2D5E002EB679FB00ABB89A /* Build configuration list for PBXNativeTarget "UltimateStickerStudioTests" */ = {
			isa = XCConfigurationList;
			buildConfigurations = (
				7F2D5E012EB679FB00ABB89A /* Debug */,
				7F2D5E022EB679FB00ABB89A /* Release */,
			);
			defaultConfigurationIsVisible = 0;
			defaultConfigurationName = Release;
		};
		7F2D5E032EB679FB00ABB89A /* Build configuration list for PBXNativeTarget "UltimateStickerStudioUITests" */ = {
			isa = XCConfigurationList;
			buildConfigurations = (
				7F2D5E042EB679FB00ABB89A /* Debug */,
				7F2D5E052EB679FB00ABB89A /* Release */,
			);
			defaultConfigurationIsVisible = 0;
			defaultConfigurationName = Release;
		};
		7F2D5E222EB67EA300ABB89A /* Build configuration list for PBXNativeTarget "StickerExtension MessagesExtension" */ = {
			isa = XCConfigurationList;
			buildConfigurations = (
				7F2D5E232EB67EA300ABB89A /* Debug */,
				7F2D5E242EB67EA300ABB89A /* Release */,
			);
			defaultConfigurationIsVisible = 0;
			defaultConfigurationName = Release;
		};
		7F2D5E262EB67EA300ABB89A /* Build configuration list for PBXNativeTarget "StickerExtension" */ = {
			isa = XCConfigurationList;
			buildConfigurations = (
				7F2D5E272EB67EA300ABB89A /* Debug */,
				7F2D5E282EB67EA300ABB89A /* Release */,
			);
			defaultConfigurationIsVisible = 0;
			defaultConfigurationName = Release;
		};
/* End XCConfigurationList section */
	};
	rootObject = 7F2D5DD22EB679FA00ABB89A /* Project object */;
}
